
Microsoft Visual Studio Solution File, Format Version 12.00
# Visual Studio Version 17
VisualStudioVersion = 17.4.33403.182
MinimumVisualStudioVersion = 10.0.40219.1
Project("{FAE04EC0-301F-11D3-BF4B-00C04F79EFBC}") = "ReportService", "ReportService.csproj", "{E2E3C9DA-1F6B-4E3F-8C52-2D94FCC09259}"
EndProject
Project("{FAE04EC0-301F-11D3-BF4B-00C04F79EFBC}") = "EmailSender", "..\EmailSender\EmailSender.csproj", "{82A5BF6A-825F-47D7-B768-3E0613BB7072}"
EndProject
Project("{FAE04EC0-301F-11D3-BF4B-00C04F79EFBC}") = "ReportService.Core", "..\ReportService.Core\ReportService.Core.csproj", "{C3A5D3D9-304E-4A61-9EF7-9C4BDE260C0B}"
EndProject
Project("{FAE04EC0-301F-11D3-BF4B-00C04F79EFBC}") = "ReportService.ConsoleApp", "..\ReportService.ConsoleApp\ReportService.ConsoleApp.csproj", "{10AAE580-F6A5-490C-A2B2-887F009FF057}"
EndProject
Project("{FAE04EC0-301F-11D3-BF4B-00C04F79EFBC}") = "Cipher", "..\Cipher\Cipher.csproj", "{0E865861-D64A-4E5A-AEEC-8FE839FC067B}"
EndProject
Global
	GlobalSection(SolutionConfigurationPlatforms) = preSolution
		Debug|Any CPU = Debug|Any CPU
		Release|Any CPU = Release|Any CPU
	EndGlobalSection
	GlobalSection(ProjectConfigurationPlatforms) = postSolution
		{E2E3C9DA-1F6B-4E3F-8C52-2D94FCC09259}.Debug|Any CPU.ActiveCfg = Debug|Any CPU
		{E2E3C9DA-1F6B-4E3F-8C52-2D94FCC09259}.Debug|Any CPU.Build.0 = Debug|Any CPU
		{E2E3C9DA-1F6B-4E3F-8C52-2D94FCC09259}.Release|Any CPU.ActiveCfg = Release|Any CPU
		{E2E3C9DA-1F6B-4E3F-8C52-2D94FCC09259}.Release|Any CPU.Build.0 = Release|Any CPU
		{82A5BF6A-825F-47D7-B768-3E0613BB7072}.Debug|Any CPU.ActiveCfg = Debug|Any CPU
		{82A5BF6A-825F-47D7-B768-3E0613BB7072}.Debug|Any CPU.Build.0 = Debug|Any CPU
		{82A5BF6A-825F-47D7-B768-3E0613BB7072}.Release|Any CPU.ActiveCfg = Release|Any CPU
		{82A5BF6A-825F-47D7-B768-3E0613BB7072}.Release|Any CPU.Build.0 = Release|Any CPU
		{C3A5D3D9-304E-4A61-9EF7-9C4BDE260C0B}.Debug|Any CPU.ActiveCfg = Debug|Any CPU
		{C3A5D3D9-304E-4A61-9EF7-9C4BDE260C0B}.Debug|Any CPU.Build.0 = Debug|Any CPU
		{C3A5D3D9-304E-4A61-9EF7-9C4BDE260C0B}.Release|Any CPU.ActiveCfg = Release|Any CPU
		{C3A5D3D9-304E-4A61-9EF7-9C4BDE260C0B}.Release|Any CPU.Build.0 = Release|Any CPU
		{10AAE580-F6A5-490C-A2B2-887F009FF057}.Debug|Any CPU.ActiveCfg = Debug|Any CPU
		{10AAE580-F6A5-490C-A2B2-887F009FF057}.Debug|Any CPU.Build.0 = Debug|Any CPU
		{10AAE580-F6A5-490C-A2B2-887F009FF057}.Release|Any CPU.ActiveCfg = Release|Any CPU
		{10AAE580-F6A5-490C-A2B2-887F009FF057}.Release|Any CPU.Build.0 = Release|Any CPU
		{0E865861-D64A-4E5A-AEEC-8FE839FC067B}.Debug|Any CPU.ActiveCfg = Debug|Any CPU
		{0E865861-D64A-4E5A-AEEC-8FE839FC067B}.Debug|Any CPU.Build.0 = Debug|Any CPU
		{0E865861-D64A-4E5A-AEEC-8FE839FC067B}.Release|Any CPU.ActiveCfg = Release|Any CPU
		{0E865861-D64A-4E5A-AEEC-8FE839FC067B}.Release|Any CPU.Build.0 = Release|Any CPU
	EndGlobalSection
	GlobalSection(SolutionProperties) = preSolution
		HideSolutionNode = FALSE
	EndGlobalSection
	GlobalSection(ExtensibilityGlobals) = postSolution
		SolutionGuid = {6220EEF4-4DB0-4ECD-9BA9-03301C4C6C79}
	EndGlobalSection
EndGlobal
